
Microsoft Visual Studio Solution File, Format Version 12.00
# Visual Studio 2013
VisualStudioVersion = 12.0.31101.0
MinimumVisualStudioVersion = 10.0.40219.1
Project("{2150E333-8FDC-42A3-9474-1A3956D46DE8}") = "0-Introduction", "0-Introduction", "{97138C5D-9978-4632-ADF6-95CC259B87F1}"
	ProjectSection(SolutionItems) = preProject
		0-Introduction\index.html = 0-Introduction\index.html
	EndProjectSection
EndProject
Project("{FAE04EC0-301F-11D3-BF4B-00C04F79EFBC}") = "1-CSharpDiscovery", "1-CSharpDiscovery\1-CSharpDiscovery.csproj", "{2E66EA37-38C8-4CB6-88B1-F0DCA733C96C}"
EndProject
Project("{2150E333-8FDC-42A3-9474-1A3956D46DE8}") = ".nuget", ".nuget", "{CCE7E2D8-7441-495E-9B15-3D3ED40B9676}"
	ProjectSection(SolutionItems) = preProject
		.nuget\NuGet.Config = .nuget\NuGet.Config
		.nuget\NuGet.exe = .nuget\NuGet.exe
		.nuget\NuGet.targets = .nuget\NuGet.targets
	EndProjectSection
EndProject
Project("{2150E333-8FDC-42A3-9474-1A3956D46DE8}") = "Solution Items", "Solution Items", "{3CB417B1-27C5-4400-B6F1-FECFCC75EF88}"
	ProjectSection(SolutionItems) = preProject
		index.html = index.html
		README.md = README.md
	EndProjectSection
EndProject
Global
	GlobalSection(SolutionConfigurationPlatforms) = preSolution
		Debug|Any CPU = Debug|Any CPU
		Release|Any CPU = Release|Any CPU
	EndGlobalSection
	GlobalSection(ProjectConfigurationPlatforms) = postSolution
		{2E66EA37-38C8-4CB6-88B1-F0DCA733C96C}.Debug|Any CPU.ActiveCfg = Debug|Any CPU
		{2E66EA37-38C8-4CB6-88B1-F0DCA733C96C}.Debug|Any CPU.Build.0 = Debug|Any CPU
		{2E66EA37-38C8-4CB6-88B1-F0DCA733C96C}.Release|Any CPU.ActiveCfg = Release|Any CPU
		{2E66EA37-38C8-4CB6-88B1-F0DCA733C96C}.Release|Any CPU.Build.0 = Release|Any CPU
	EndGlobalSection
	GlobalSection(SolutionProperties) = preSolution
		HideSolutionNode = FALSE
	EndGlobalSection
EndGlobal
